
Microsoft Visual Studio Solution File, Format Version 12.00
# Visual Studio Version 17
VisualStudioVersion = 17.2.32526.322
MinimumVisualStudioVersion = 10.0.40219.1
Project("{FAE04EC0-301F-11D3-BF4B-00C04F79EFBC}") = "PatientCrud", "PatientCrud\PatientCrud.csproj", "{B679BC76-25BD-4060-9716-48ADDF52A991}"
EndProject
Global
	GlobalSection(SolutionConfigurationPlatforms) = preSolution
		Debug|Any CPU = Debug|Any CPU
		Release|Any CPU = Release|Any CPU
	EndGlobalSection
	GlobalSection(ProjectConfigurationPlatforms) = postSolution
		{B679BC76-25BD-4060-9716-48ADDF52A991}.Debug|Any CPU.ActiveCfg = Debug|Any CPU
		{B679BC76-25BD-4060-9716-48ADDF52A991}.Debug|Any CPU.Build.0 = Debug|Any CPU
		{B679BC76-25BD-4060-9716-48ADDF52A991}.Release|Any CPU.ActiveCfg = Release|Any CPU
		{B679BC76-25BD-4060-9716-48ADDF52A991}.Release|Any CPU.Build.0 = Release|Any CPU
	EndGlobalSection
	GlobalSection(SolutionProperties) = preSolution
		HideSolutionNode = FALSE
	EndGlobalSection
	GlobalSection(ExtensibilityGlobals) = postSolution
		SolutionGuid = {A4C1E224-2CFE-49CC-8947-2A20D4703C29}
	EndGlobalSection
EndGlobal
